// !$*UTF8*$!
{
	archiveVersion = 1;
	classes = {
	};
	objectVersion = 51;
	objects = {

/* Begin PBXBuildFile section */
		08751DF1495829B081BB6170 /* Pods_PronacaShareholders.framework in Frameworks */ = {isa = PBXBuildFile; fileRef = 3F480DF8301EDE3958FFA97B /* Pods_PronacaShareholders.framework */; };
		0FC8C45526EEC1230084F353 /* PageController.swift in Sources */ = {isa = PBXBuildFile; fileRef = 0FC8C45326EEC1230084F353 /* PageController.swift */; };
		0FC8C45626EEC1230084F353 /* PageController.xib in Resources */ = {isa = PBXBuildFile; fileRef = 0FC8C45426EEC1230084F353 /* PageController.xib */; };
		0FC8C45826EECEE60084F353 /* UITextField+Extension.swift in Sources */ = {isa = PBXBuildFile; fileRef = 0FC8C45726EECEE60084F353 /* UITextField+Extension.swift */; };
		0FC8C46326EEDB500084F353 /* Montserrat-Regular.ttf in Resources */ = {isa = PBXBuildFile; fileRef = 0FC8C45A26EEDB4F0084F353 /* Montserrat-Regular.ttf */; };
		0FC8C46426EEDB500084F353 /* CenturyGothic.ttc in Resources */ = {isa = PBXBuildFile; fileRef = 0FC8C45B26EEDB4F0084F353 /* CenturyGothic.ttc */; };
		0FC8C46526EEDB500084F353 /* Montserrat-Medium.ttf in Resources */ = {isa = PBXBuildFile; fileRef = 0FC8C45C26EEDB4F0084F353 /* Montserrat-Medium.ttf */; };
		0FC8C46626EEDB500084F353 /* Montserrat-SemiBold.ttf in Resources */ = {isa = PBXBuildFile; fileRef = 0FC8C45D26EEDB500084F353 /* Montserrat-SemiBold.ttf */; };
		0FC8C46726EEDB500084F353 /* Raleway-Light.ttf in Resources */ = {isa = PBXBuildFile; fileRef = 0FC8C45E26EEDB500084F353 /* Raleway-Light.ttf */; };
		0FC8C46826EEDB500084F353 /* Roboto-Medium.ttf in Resources */ = {isa = PBXBuildFile; fileRef = 0FC8C45F26EEDB500084F353 /* Roboto-Medium.ttf */; };
		0FC8C46926EEDB500084F353 /* Montserrat-Bold.ttf in Resources */ = {isa = PBXBuildFile; fileRef = 0FC8C46026EEDB500084F353 /* Montserrat-Bold.ttf */; };
		0FC8C46A26EEDB500084F353 /* OpenSans-Regular.ttf in Resources */ = {isa = PBXBuildFile; fileRef = 0FC8C46126EEDB500084F353 /* OpenSans-Regular.ttf */; };
		0FC8C46B26EEDB500084F353 /* OpenSans-Bold.ttf in Resources */ = {isa = PBXBuildFile; fileRef = 0FC8C46226EEDB500084F353 /* OpenSans-Bold.ttf */; };
		0FC8C46D26EEDBF30084F353 /* UIFont+Extension.swift in Sources */ = {isa = PBXBuildFile; fileRef = 0FC8C46C26EEDBF30084F353 /* UIFont+Extension.swift */; };
		0FC8C46F26EEE0B30084F353 /* UIButton+Extension.swift in Sources */ = {isa = PBXBuildFile; fileRef = 0FC8C46E26EEE0B30084F353 /* UIButton+Extension.swift */; };
		0FD2DACF26EAE11A0058ABB9 /* AppDelegate.swift in Sources */ = {isa = PBXBuildFile; fileRef = 0FD2DACE26EAE11A0058ABB9 /* AppDelegate.swift */; };
		0FD2DAD126EAE11A0058ABB9 /* SceneDelegate.swift in Sources */ = {isa = PBXBuildFile; fileRef = 0FD2DAD026EAE11A0058ABB9 /* SceneDelegate.swift */; };
		0FD2DAD326EAE11A0058ABB9 /* ViewController.swift in Sources */ = {isa = PBXBuildFile; fileRef = 0FD2DAD226EAE11A0058ABB9 /* ViewController.swift */; };
		0FD2DAD626EAE11A0058ABB9 /* Main.storyboard in Resources */ = {isa = PBXBuildFile; fileRef = 0FD2DAD426EAE11A0058ABB9 /* Main.storyboard */; };
		0FD2DAD826EAE11C0058ABB9 /* Assets.xcassets in Resources */ = {isa = PBXBuildFile; fileRef = 0FD2DAD726EAE11C0058ABB9 /* Assets.xcassets */; };
		0FD2DADB26EAE11C0058ABB9 /* LaunchScreen.storyboard in Resources */ = {isa = PBXBuildFile; fileRef = 0FD2DAD926EAE11C0058ABB9 /* LaunchScreen.storyboard */; };
		0FD2DAE426EAE15F0058ABB9 /* UIColor+Extension.swift in Sources */ = {isa = PBXBuildFile; fileRef = 0FD2DAE326EAE15F0058ABB9 /* UIColor+Extension.swift */; };
		0FD2DAF126EAE7690058ABB9 /* LoginMainInterfaces.swift in Sources */ = {isa = PBXBuildFile; fileRef = 0FD2DAEB26EAE7680058ABB9 /* LoginMainInterfaces.swift */; };
		0FD2DAF226EAE7690058ABB9 /* LoginMainPresenter.swift in Sources */ = {isa = PBXBuildFile; fileRef = 0FD2DAEC26EAE7680058ABB9 /* LoginMainPresenter.swift */; };
		0FD2DAF326EAE7690058ABB9 /* LoginMainViewController.swift in Sources */ = {isa = PBXBuildFile; fileRef = 0FD2DAED26EAE7680058ABB9 /* LoginMainViewController.swift */; };
		0FD2DAF426EAE7690058ABB9 /* LoginMainInteractor.swift in Sources */ = {isa = PBXBuildFile; fileRef = 0FD2DAEE26EAE7680058ABB9 /* LoginMainInteractor.swift */; };
		0FD2DAF526EAE7690058ABB9 /* LoginMainViewController.xib in Resources */ = {isa = PBXBuildFile; fileRef = 0FD2DAEF26EAE7680058ABB9 /* LoginMainViewController.xib */; };
		0FD2DAF626EAE7690058ABB9 /* LoginMainWireframe.swift in Sources */ = {isa = PBXBuildFile; fileRef = 0FD2DAF026EAE7690058ABB9 /* LoginMainWireframe.swift */; };
		0FD2DAFE26EAE7D60058ABB9 /* BaseWireframe.swift in Sources */ = {isa = PBXBuildFile; fileRef = 0FD2DAF826EAE7D60058ABB9 /* BaseWireframe.swift */; };
		0FD2DAFF26EAE7D60058ABB9 /* FormatterInterface.swift in Sources */ = {isa = PBXBuildFile; fileRef = 0FD2DAF926EAE7D60058ABB9 /* FormatterInterface.swift */; };
		0FD2DB0026EAE7D60058ABB9 /* UIStoryboardExtension.swift in Sources */ = {isa = PBXBuildFile; fileRef = 0FD2DAFA26EAE7D60058ABB9 /* UIStoryboardExtension.swift */; };
		0FD2DB0126EAE7D60058ABB9 /* PresenterInterface.swift in Sources */ = {isa = PBXBuildFile; fileRef = 0FD2DAFB26EAE7D60058ABB9 /* PresenterInterface.swift */; };
		0FD2DB0226EAE7D60058ABB9 /* ViewInterface.swift in Sources */ = {isa = PBXBuildFile; fileRef = 0FD2DAFC26EAE7D60058ABB9 /* ViewInterface.swift */; };
		0FD2DB0326EAE7D60058ABB9 /* InteractorInterface.swift in Sources */ = {isa = PBXBuildFile; fileRef = 0FD2DAFD26EAE7D60058ABB9 /* InteractorInterface.swift */; };
		0FD2DB0E26EAE8620058ABB9 /* CreateAccountInterfaces.swift in Sources */ = {isa = PBXBuildFile; fileRef = 0FD2DB0826EAE8620058ABB9 /* CreateAccountInterfaces.swift */; };
		0FD2DB0F26EAE8620058ABB9 /* CreateAccountPresenter.swift in Sources */ = {isa = PBXBuildFile; fileRef = 0FD2DB0926EAE8620058ABB9 /* CreateAccountPresenter.swift */; };
		0FD2DB1026EAE8620058ABB9 /* CreateAccountViewController.swift in Sources */ = {isa = PBXBuildFile; fileRef = 0FD2DB0A26EAE8620058ABB9 /* CreateAccountViewController.swift */; };
		0FD2DB1126EAE8620058ABB9 /* CreateAccountInteractor.swift in Sources */ = {isa = PBXBuildFile; fileRef = 0FD2DB0B26EAE8620058ABB9 /* CreateAccountInteractor.swift */; };
		0FD2DB1226EAE8620058ABB9 /* CreateAccountViewController.xib in Resources */ = {isa = PBXBuildFile; fileRef = 0FD2DB0C26EAE8620058ABB9 /* CreateAccountViewController.xib */; };
		0FD2DB1326EAE8620058ABB9 /* CreateAccountWireframe.swift in Sources */ = {isa = PBXBuildFile; fileRef = 0FD2DB0D26EAE8620058ABB9 /* CreateAccountWireframe.swift */; };
		0FD2DB1B26EAE8750058ABB9 /* VerificationCodeInterfaces.swift in Sources */ = {isa = PBXBuildFile; fileRef = 0FD2DB1526EAE8750058ABB9 /* VerificationCodeInterfaces.swift */; };
		0FD2DB1C26EAE8750058ABB9 /* VerificationCodePresenter.swift in Sources */ = {isa = PBXBuildFile; fileRef = 0FD2DB1626EAE8750058ABB9 /* VerificationCodePresenter.swift */; };
		0FD2DB1D26EAE8750058ABB9 /* VerificationCodeViewController.swift in Sources */ = {isa = PBXBuildFile; fileRef = 0FD2DB1726EAE8750058ABB9 /* VerificationCodeViewController.swift */; };
		0FD2DB1E26EAE8750058ABB9 /* VerificationCodeInteractor.swift in Sources */ = {isa = PBXBuildFile; fileRef = 0FD2DB1826EAE8750058ABB9 /* VerificationCodeInteractor.swift */; };
		0FD2DB1F26EAE8750058ABB9 /* VerificationCodeViewController.xib in Resources */ = {isa = PBXBuildFile; fileRef = 0FD2DB1926EAE8750058ABB9 /* VerificationCodeViewController.xib */; };
		0FD2DB2026EAE8750058ABB9 /* VerificationCodeWireframe.swift in Sources */ = {isa = PBXBuildFile; fileRef = 0FD2DB1A26EAE8750058ABB9 /* VerificationCodeWireframe.swift */; };
		0FD2DB2726EAE8830058ABB9 /* FormAccountInterfaces.swift in Sources */ = {isa = PBXBuildFile; fileRef = 0FD2DB2126EAE8830058ABB9 /* FormAccountInterfaces.swift */; };
		0FD2DB2826EAE8830058ABB9 /* FormAccountPresenter.swift in Sources */ = {isa = PBXBuildFile; fileRef = 0FD2DB2226EAE8830058ABB9 /* FormAccountPresenter.swift */; };
		0FD2DB2926EAE8830058ABB9 /* FormAccountViewController.swift in Sources */ = {isa = PBXBuildFile; fileRef = 0FD2DB2326EAE8830058ABB9 /* FormAccountViewController.swift */; };
		0FD2DB2A26EAE8830058ABB9 /* FormAccountInteractor.swift in Sources */ = {isa = PBXBuildFile; fileRef = 0FD2DB2426EAE8830058ABB9 /* FormAccountInteractor.swift */; };
		0FD2DB2B26EAE8830058ABB9 /* FormAccountViewController.xib in Resources */ = {isa = PBXBuildFile; fileRef = 0FD2DB2526EAE8830058ABB9 /* FormAccountViewController.xib */; };
		0FD2DB2C26EAE8830058ABB9 /* FormAccountWireframe.swift in Sources */ = {isa = PBXBuildFile; fileRef = 0FD2DB2626EAE8830058ABB9 /* FormAccountWireframe.swift */; };
/* End PBXBuildFile section */

/* Begin PBXFileReference section */
		0FC8C45326EEC1230084F353 /* PageController.swift */ = {isa = PBXFileReference; lastKnownFileType = sourcecode.swift; path = PageController.swift; sourceTree = "<group>"; };
		0FC8C45426EEC1230084F353 /* PageController.xib */ = {isa = PBXFileReference; lastKnownFileType = file.xib; path = PageController.xib; sourceTree = "<group>"; };
		0FC8C45726EECEE60084F353 /* UITextField+Extension.swift */ = {isa = PBXFileReference; lastKnownFileType = sourcecode.swift; path = "UITextField+Extension.swift"; sourceTree = "<group>"; };
		0FC8C45A26EEDB4F0084F353 /* Montserrat-Regular.ttf */ = {isa = PBXFileReference; lastKnownFileType = file; path = "Montserrat-Regular.ttf"; sourceTree = "<group>"; };
		0FC8C45B26EEDB4F0084F353 /* CenturyGothic.ttc */ = {isa = PBXFileReference; lastKnownFileType = file; path = CenturyGothic.ttc; sourceTree = "<group>"; };
		0FC8C45C26EEDB4F0084F353 /* Montserrat-Medium.ttf */ = {isa = PBXFileReference; lastKnownFileType = file; path = "Montserrat-Medium.ttf"; sourceTree = "<group>"; };
		0FC8C45D26EEDB500084F353 /* Montserrat-SemiBold.ttf */ = {isa = PBXFileReference; lastKnownFileType = file; path = "Montserrat-SemiBold.ttf"; sourceTree = "<group>"; };
		0FC8C45E26EEDB500084F353 /* Raleway-Light.ttf */ = {isa = PBXFileReference; lastKnownFileType = file; path = "Raleway-Light.ttf"; sourceTree = "<group>"; };
		0FC8C45F26EEDB500084F353 /* Roboto-Medium.ttf */ = {isa = PBXFileReference; lastKnownFileType = file; path = "Roboto-Medium.ttf"; sourceTree = "<group>"; };
		0FC8C46026EEDB500084F353 /* Montserrat-Bold.ttf */ = {isa = PBXFileReference; lastKnownFileType = file; path = "Montserrat-Bold.ttf"; sourceTree = "<group>"; };
		0FC8C46126EEDB500084F353 /* OpenSans-Regular.ttf */ = {isa = PBXFileReference; lastKnownFileType = file; path = "OpenSans-Regular.ttf"; sourceTree = "<group>"; };
		0FC8C46226EEDB500084F353 /* OpenSans-Bold.ttf */ = {isa = PBXFileReference; lastKnownFileType = file; path = "OpenSans-Bold.ttf"; sourceTree = "<group>"; };
		0FC8C46C26EEDBF30084F353 /* UIFont+Extension.swift */ = {isa = PBXFileReference; lastKnownFileType = sourcecode.swift; path = "UIFont+Extension.swift"; sourceTree = "<group>"; };
		0FC8C46E26EEE0B30084F353 /* UIButton+Extension.swift */ = {isa = PBXFileReference; lastKnownFileType = sourcecode.swift; path = "UIButton+Extension.swift"; sourceTree = "<group>"; };
		0FD2DACB26EAE11A0058ABB9 /* PronacaShareholders.app */ = {isa = PBXFileReference; explicitFileType = wrapper.application; includeInIndex = 0; path = PronacaShareholders.app; sourceTree = BUILT_PRODUCTS_DIR; };
		0FD2DACE26EAE11A0058ABB9 /* AppDelegate.swift */ = {isa = PBXFileReference; lastKnownFileType = sourcecode.swift; path = AppDelegate.swift; sourceTree = "<group>"; };
		0FD2DAD026EAE11A0058ABB9 /* SceneDelegate.swift */ = {isa = PBXFileReference; lastKnownFileType = sourcecode.swift; path = SceneDelegate.swift; sourceTree = "<group>"; };
		0FD2DAD226EAE11A0058ABB9 /* ViewController.swift */ = {isa = PBXFileReference; lastKnownFileType = sourcecode.swift; path = ViewController.swift; sourceTree = "<group>"; };
		0FD2DAD526EAE11A0058ABB9 /* Base */ = {isa = PBXFileReference; lastKnownFileType = file.storyboard; name = Base; path = Base.lproj/Main.storyboard; sourceTree = "<group>"; };
		0FD2DAD726EAE11C0058ABB9 /* Assets.xcassets */ = {isa = PBXFileReference; lastKnownFileType = folder.assetcatalog; path = Assets.xcassets; sourceTree = "<group>"; };
		0FD2DADA26EAE11C0058ABB9 /* Base */ = {isa = PBXFileReference; lastKnownFileType = file.storyboard; name = Base; path = Base.lproj/LaunchScreen.storyboard; sourceTree = "<group>"; };
		0FD2DADC26EAE11C0058ABB9 /* Info.plist */ = {isa = PBXFileReference; lastKnownFileType = text.plist.xml; path = Info.plist; sourceTree = "<group>"; };
		0FD2DAE326EAE15F0058ABB9 /* UIColor+Extension.swift */ = {isa = PBXFileReference; lastKnownFileType = sourcecode.swift; path = "UIColor+Extension.swift"; sourceTree = "<group>"; };
		0FD2DAEB26EAE7680058ABB9 /* LoginMainInterfaces.swift */ = {isa = PBXFileReference; lastKnownFileType = sourcecode.swift; path = LoginMainInterfaces.swift; sourceTree = "<group>"; };
		0FD2DAEC26EAE7680058ABB9 /* LoginMainPresenter.swift */ = {isa = PBXFileReference; lastKnownFileType = sourcecode.swift; path = LoginMainPresenter.swift; sourceTree = "<group>"; };
		0FD2DAED26EAE7680058ABB9 /* LoginMainViewController.swift */ = {isa = PBXFileReference; lastKnownFileType = sourcecode.swift; path = LoginMainViewController.swift; sourceTree = "<group>"; };
		0FD2DAEE26EAE7680058ABB9 /* LoginMainInteractor.swift */ = {isa = PBXFileReference; lastKnownFileType = sourcecode.swift; path = LoginMainInteractor.swift; sourceTree = "<group>"; };
		0FD2DAEF26EAE7680058ABB9 /* LoginMainViewController.xib */ = {isa = PBXFileReference; lastKnownFileType = file.xib; path = LoginMainViewController.xib; sourceTree = "<group>"; };
		0FD2DAF026EAE7690058ABB9 /* LoginMainWireframe.swift */ = {isa = PBXFileReference; lastKnownFileType = sourcecode.swift; path = LoginMainWireframe.swift; sourceTree = "<group>"; };
		0FD2DAF826EAE7D60058ABB9 /* BaseWireframe.swift */ = {isa = PBXFileReference; lastKnownFileType = sourcecode.swift; path = BaseWireframe.swift; sourceTree = "<group>"; };
		0FD2DAF926EAE7D60058ABB9 /* FormatterInterface.swift */ = {isa = PBXFileReference; lastKnownFileType = sourcecode.swift; path = FormatterInterface.swift; sourceTree = "<group>"; };
		0FD2DAFA26EAE7D60058ABB9 /* UIStoryboardExtension.swift */ = {isa = PBXFileReference; lastKnownFileType = sourcecode.swift; path = UIStoryboardExtension.swift; sourceTree = "<group>"; };
		0FD2DAFB26EAE7D60058ABB9 /* PresenterInterface.swift */ = {isa = PBXFileReference; lastKnownFileType = sourcecode.swift; path = PresenterInterface.swift; sourceTree = "<group>"; };
		0FD2DAFC26EAE7D60058ABB9 /* ViewInterface.swift */ = {isa = PBXFileReference; lastKnownFileType = sourcecode.swift; path = ViewInterface.swift; sourceTree = "<group>"; };
		0FD2DAFD26EAE7D60058ABB9 /* InteractorInterface.swift */ = {isa = PBXFileReference; lastKnownFileType = sourcecode.swift; path = InteractorInterface.swift; sourceTree = "<group>"; };
		0FD2DB0826EAE8620058ABB9 /* CreateAccountInterfaces.swift */ = {isa = PBXFileReference; lastKnownFileType = sourcecode.swift; path = CreateAccountInterfaces.swift; sourceTree = "<group>"; };
		0FD2DB0926EAE8620058ABB9 /* CreateAccountPresenter.swift */ = {isa = PBXFileReference; lastKnownFileType = sourcecode.swift; path = CreateAccountPresenter.swift; sourceTree = "<group>"; };
		0FD2DB0A26EAE8620058ABB9 /* CreateAccountViewController.swift */ = {isa = PBXFileReference; lastKnownFileType = sourcecode.swift; path = CreateAccountViewController.swift; sourceTree = "<group>"; };
		0FD2DB0B26EAE8620058ABB9 /* CreateAccountInteractor.swift */ = {isa = PBXFileReference; lastKnownFileType = sourcecode.swift; path = CreateAccountInteractor.swift; sourceTree = "<group>"; };
		0FD2DB0C26EAE8620058ABB9 /* CreateAccountViewController.xib */ = {isa = PBXFileReference; lastKnownFileType = file.xib; path = CreateAccountViewController.xib; sourceTree = "<group>"; };
		0FD2DB0D26EAE8620058ABB9 /* CreateAccountWireframe.swift */ = {isa = PBXFileReference; lastKnownFileType = sourcecode.swift; path = CreateAccountWireframe.swift; sourceTree = "<group>"; };
		0FD2DB1526EAE8750058ABB9 /* VerificationCodeInterfaces.swift */ = {isa = PBXFileReference; lastKnownFileType = sourcecode.swift; path = VerificationCodeInterfaces.swift; sourceTree = "<group>"; };
		0FD2DB1626EAE8750058ABB9 /* VerificationCodePresenter.swift */ = {isa = PBXFileReference; lastKnownFileType = sourcecode.swift; path = VerificationCodePresenter.swift; sourceTree = "<group>"; };
		0FD2DB1726EAE8750058ABB9 /* VerificationCodeViewController.swift */ = {isa = PBXFileReference; lastKnownFileType = sourcecode.swift; path = VerificationCodeViewController.swift; sourceTree = "<group>"; };
		0FD2DB1826EAE8750058ABB9 /* VerificationCodeInteractor.swift */ = {isa = PBXFileReference; lastKnownFileType = sourcecode.swift; path = VerificationCodeInteractor.swift; sourceTree = "<group>"; };
		0FD2DB1926EAE8750058ABB9 /* VerificationCodeViewController.xib */ = {isa = PBXFileReference; lastKnownFileType = file.xib; path = VerificationCodeViewController.xib; sourceTree = "<group>"; };
		0FD2DB1A26EAE8750058ABB9 /* VerificationCodeWireframe.swift */ = {isa = PBXFileReference; lastKnownFileType = sourcecode.swift; path = VerificationCodeWireframe.swift; sourceTree = "<group>"; };
		0FD2DB2126EAE8830058ABB9 /* FormAccountInterfaces.swift */ = {isa = PBXFileReference; lastKnownFileType = sourcecode.swift; path = FormAccountInterfaces.swift; sourceTree = "<group>"; };
		0FD2DB2226EAE8830058ABB9 /* FormAccountPresenter.swift */ = {isa = PBXFileReference; lastKnownFileType = sourcecode.swift; path = FormAccountPresenter.swift; sourceTree = "<group>"; };
		0FD2DB2326EAE8830058ABB9 /* FormAccountViewController.swift */ = {isa = PBXFileReference; lastKnownFileType = sourcecode.swift; path = FormAccountViewController.swift; sourceTree = "<group>"; };
		0FD2DB2426EAE8830058ABB9 /* FormAccountInteractor.swift */ = {isa = PBXFileReference; lastKnownFileType = sourcecode.swift; path = FormAccountInteractor.swift; sourceTree = "<group>"; };
		0FD2DB2526EAE8830058ABB9 /* FormAccountViewController.xib */ = {isa = PBXFileReference; lastKnownFileType = file.xib; path = FormAccountViewController.xib; sourceTree = "<group>"; };
		0FD2DB2626EAE8830058ABB9 /* FormAccountWireframe.swift */ = {isa = PBXFileReference; lastKnownFileType = sourcecode.swift; path = FormAccountWireframe.swift; sourceTree = "<group>"; };
		3F480DF8301EDE3958FFA97B /* Pods_PronacaShareholders.framework */ = {isa = PBXFileReference; explicitFileType = wrapper.framework; includeInIndex = 0; path = Pods_PronacaShareholders.framework; sourceTree = BUILT_PRODUCTS_DIR; };
		7F9198178BE6A31E7EAA997E /* Pods-PronacaShareholders.debug.xcconfig */ = {isa = PBXFileReference; includeInIndex = 1; lastKnownFileType = text.xcconfig; name = "Pods-PronacaShareholders.debug.xcconfig"; path = "Target Support Files/Pods-PronacaShareholders/Pods-PronacaShareholders.debug.xcconfig"; sourceTree = "<group>"; };
		D8E3655573E0613B4C110308 /* Pods-PronacaShareholders.release.xcconfig */ = {isa = PBXFileReference; includeInIndex = 1; lastKnownFileType = text.xcconfig; name = "Pods-PronacaShareholders.release.xcconfig"; path = "Target Support Files/Pods-PronacaShareholders/Pods-PronacaShareholders.release.xcconfig"; sourceTree = "<group>"; };
/* End PBXFileReference section */

/* Begin PBXFrameworksBuildPhase section */
		0FD2DAC826EAE11A0058ABB9 /* Frameworks */ = {
			isa = PBXFrameworksBuildPhase;
			buildActionMask = 2147483647;
			files = (
				08751DF1495829B081BB6170 /* Pods_PronacaShareholders.framework in Frameworks */,
			);
			runOnlyForDeploymentPostprocessing = 0;
		};
/* End PBXFrameworksBuildPhase section */

/* Begin PBXGroup section */
		0FC8C45226EEC0D90084F353 /* SliderWithPageControl */ = {
			isa = PBXGroup;
			children = (
				0FC8C45326EEC1230084F353 /* PageController.swift */,
				0FC8C45426EEC1230084F353 /* PageController.xib */,
			);
			path = SliderWithPageControl;
			sourceTree = "<group>";
		};
		0FC8C45926EEDB1C0084F353 /* Fonts */ = {
			isa = PBXGroup;
			children = (
				0FC8C45B26EEDB4F0084F353 /* CenturyGothic.ttc */,
				0FC8C46026EEDB500084F353 /* Montserrat-Bold.ttf */,
				0FC8C45C26EEDB4F0084F353 /* Montserrat-Medium.ttf */,
				0FC8C45A26EEDB4F0084F353 /* Montserrat-Regular.ttf */,
				0FC8C45D26EEDB500084F353 /* Montserrat-SemiBold.ttf */,
				0FC8C46226EEDB500084F353 /* OpenSans-Bold.ttf */,
				0FC8C46126EEDB500084F353 /* OpenSans-Regular.ttf */,
				0FC8C45E26EEDB500084F353 /* Raleway-Light.ttf */,
				0FC8C45F26EEDB500084F353 /* Roboto-Medium.ttf */,
			);
			path = Fonts;
			sourceTree = "<group>";
		};
		0FD2DAC226EAE11A0058ABB9 = {
			isa = PBXGroup;
			children = (
				0FD2DACD26EAE11A0058ABB9 /* PronacaShareholders */,
				0FD2DACC26EAE11A0058ABB9 /* Products */,
				782F908BD809F53F2021D767 /* Pods */,
				3B4E0A76AF78A7C069FC5A70 /* Frameworks */,
			);
			sourceTree = "<group>";
		};
		0FD2DACC26EAE11A0058ABB9 /* Products */ = {
			isa = PBXGroup;
			children = (
				0FD2DACB26EAE11A0058ABB9 /* PronacaShareholders.app */,
			);
			name = Products;
			sourceTree = "<group>";
		};
		0FD2DACD26EAE11A0058ABB9 /* PronacaShareholders */ = {
			isa = PBXGroup;
			children = (
				0FD2DAE826EAE1A00058ABB9 /* Models */,
				0FD2DAE526EAE1860058ABB9 /* Modules */,
				0FD2DAE226EAE14D0058ABB9 /* Common */,
				0FD2DACE26EAE11A0058ABB9 /* AppDelegate.swift */,
				0FD2DAD026EAE11A0058ABB9 /* SceneDelegate.swift */,
				0FD2DAD226EAE11A0058ABB9 /* ViewController.swift */,
				0FD2DAD426EAE11A0058ABB9 /* Main.storyboard */,
				0FD2DAD726EAE11C0058ABB9 /* Assets.xcassets */,
				0FD2DAD926EAE11C0058ABB9 /* LaunchScreen.storyboard */,
				0FD2DADC26EAE11C0058ABB9 /* Info.plist */,
			);
			path = PronacaShareholders;
			sourceTree = "<group>";
		};
		0FD2DAE226EAE14D0058ABB9 /* Common */ = {
			isa = PBXGroup;
			children = (
				0FC8C45926EEDB1C0084F353 /* Fonts */,
				0FD2DAF726EAE7BB0058ABB9 /* Base */,
				0FD2DAEA26EAE1AC0058ABB9 /* Network */,
				0FD2DAE926EAE1A60058ABB9 /* Extension */,
			);
			path = Common;
			sourceTree = "<group>";
		};
		0FD2DAE526EAE1860058ABB9 /* Modules */ = {
			isa = PBXGroup;
			children = (
				0FC8C45226EEC0D90084F353 /* SliderWithPageControl */,
				0FD2DAE726EAE1960058ABB9 /* Register */,
				0FD2DAE626EAE18E0058ABB9 /* Login */,
			);
			path = Modules;
			sourceTree = "<group>";
		};
		0FD2DAE626EAE18E0058ABB9 /* Login */ = {
			isa = PBXGroup;
			children = (
				0FD2DB0626EAE8280058ABB9 /* VerificationCode */,
				0FD2DB0526EAE81F0058ABB9 /* CreateAccount */,
				0FD2DB0426EAE8090058ABB9 /* MainLogin */,
			);
			path = Login;
			sourceTree = "<group>";
		};
		0FD2DAE726EAE1960058ABB9 /* Register */ = {
			isa = PBXGroup;
			children = (
				0FD2DB0726EAE8340058ABB9 /* FormAccount */,
			);
			path = Register;
			sourceTree = "<group>";
		};
		0FD2DAE826EAE1A00058ABB9 /* Models */ = {
			isa = PBXGroup;
			children = (
			);
			path = Models;
			sourceTree = "<group>";
		};
		0FD2DAE926EAE1A60058ABB9 /* Extension */ = {
			isa = PBXGroup;
			children = (
				0FD2DAE326EAE15F0058ABB9 /* UIColor+Extension.swift */,
				0FC8C45726EECEE60084F353 /* UITextField+Extension.swift */,
				0FC8C46C26EEDBF30084F353 /* UIFont+Extension.swift */,
				0FC8C46E26EEE0B30084F353 /* UIButton+Extension.swift */,
			);
			path = Extension;
			sourceTree = "<group>";
		};
		0FD2DAEA26EAE1AC0058ABB9 /* Network */ = {
			isa = PBXGroup;
			children = (
			);
			path = Network;
			sourceTree = "<group>";
		};
		0FD2DAF726EAE7BB0058ABB9 /* Base */ = {
			isa = PBXGroup;
			children = (
				0FD2DAF826EAE7D60058ABB9 /* BaseWireframe.swift */,
				0FD2DAF926EAE7D60058ABB9 /* FormatterInterface.swift */,
				0FD2DAFA26EAE7D60058ABB9 /* UIStoryboardExtension.swift */,
				0FD2DAFB26EAE7D60058ABB9 /* PresenterInterface.swift */,
				0FD2DAFC26EAE7D60058ABB9 /* ViewInterface.swift */,
				0FD2DAFD26EAE7D60058ABB9 /* InteractorInterface.swift */,
			);
			path = Base;
			sourceTree = "<group>";
		};
		0FD2DB0426EAE8090058ABB9 /* MainLogin */ = {
			isa = PBXGroup;
			children = (
				0FD2DB3026EAE8C10058ABB9 /* View */,
				0FD2DAEB26EAE7680058ABB9 /* LoginMainInterfaces.swift */,
				0FD2DAEC26EAE7680058ABB9 /* LoginMainPresenter.swift */,
				0FD2DAEE26EAE7680058ABB9 /* LoginMainInteractor.swift */,
				0FD2DAF026EAE7690058ABB9 /* LoginMainWireframe.swift */,
			);
			path = MainLogin;
			sourceTree = "<group>";
		};
		0FD2DB0526EAE81F0058ABB9 /* CreateAccount */ = {
			isa = PBXGroup;
			children = (
				0FD2DB2F26EAE8A80058ABB9 /* View */,
				0FD2DB0826EAE8620058ABB9 /* CreateAccountInterfaces.swift */,
				0FD2DB0926EAE8620058ABB9 /* CreateAccountPresenter.swift */,
				0FD2DB0B26EAE8620058ABB9 /* CreateAccountInteractor.swift */,
				0FD2DB0D26EAE8620058ABB9 /* CreateAccountWireframe.swift */,
			);
			path = CreateAccount;
			sourceTree = "<group>";
		};
		0FD2DB0626EAE8280058ABB9 /* VerificationCode */ = {
			isa = PBXGroup;
			children = (
				0FD2DB2E26EAE89E0058ABB9 /* View */,
				0FD2DB1526EAE8750058ABB9 /* VerificationCodeInterfaces.swift */,
				0FD2DB1626EAE8750058ABB9 /* VerificationCodePresenter.swift */,
				0FD2DB1826EAE8750058ABB9 /* VerificationCodeInteractor.swift */,
				0FD2DB1A26EAE8750058ABB9 /* VerificationCodeWireframe.swift */,
			);
			path = VerificationCode;
			sourceTree = "<group>";
		};
		0FD2DB0726EAE8340058ABB9 /* FormAccount */ = {
			isa = PBXGroup;
			children = (
				0FD2DB2D26EAE8890058ABB9 /* View */,
				0FD2DB2126EAE8830058ABB9 /* FormAccountInterfaces.swift */,
				0FD2DB2226EAE8830058ABB9 /* FormAccountPresenter.swift */,
				0FD2DB2426EAE8830058ABB9 /* FormAccountInteractor.swift */,
				0FD2DB2626EAE8830058ABB9 /* FormAccountWireframe.swift */,
			);
			path = FormAccount;
			sourceTree = "<group>";
		};
		0FD2DB2D26EAE8890058ABB9 /* View */ = {
			isa = PBXGroup;
			children = (
				0FD2DB2326EAE8830058ABB9 /* FormAccountViewController.swift */,
				0FD2DB2526EAE8830058ABB9 /* FormAccountViewController.xib */,
			);
			path = View;
			sourceTree = "<group>";
		};
		0FD2DB2E26EAE89E0058ABB9 /* View */ = {
			isa = PBXGroup;
			children = (
				0FD2DB1726EAE8750058ABB9 /* VerificationCodeViewController.swift */,
				0FD2DB1926EAE8750058ABB9 /* VerificationCodeViewController.xib */,
			);
			path = View;
			sourceTree = "<group>";
		};
		0FD2DB2F26EAE8A80058ABB9 /* View */ = {
			isa = PBXGroup;
			children = (
				0FD2DB0A26EAE8620058ABB9 /* CreateAccountViewController.swift */,
				0FD2DB0C26EAE8620058ABB9 /* CreateAccountViewController.xib */,
			);
			path = View;
			sourceTree = "<group>";
		};
		0FD2DB3026EAE8C10058ABB9 /* View */ = {
			isa = PBXGroup;
			children = (
				0FD2DAED26EAE7680058ABB9 /* LoginMainViewController.swift */,
				0FD2DAEF26EAE7680058ABB9 /* LoginMainViewController.xib */,
			);
			path = View;
			sourceTree = "<group>";
		};
		3B4E0A76AF78A7C069FC5A70 /* Frameworks */ = {
			isa = PBXGroup;
			children = (
				3F480DF8301EDE3958FFA97B /* Pods_PronacaShareholders.framework */,
			);
			name = Frameworks;
			sourceTree = "<group>";
		};
		782F908BD809F53F2021D767 /* Pods */ = {
			isa = PBXGroup;
			children = (
				7F9198178BE6A31E7EAA997E /* Pods-PronacaShareholders.debug.xcconfig */,
				D8E3655573E0613B4C110308 /* Pods-PronacaShareholders.release.xcconfig */,
			);
			path = Pods;
			sourceTree = "<group>";
		};
/* End PBXGroup section */

/* Begin PBXNativeTarget section */
		0FD2DACA26EAE11A0058ABB9 /* PronacaShareholders */ = {
			isa = PBXNativeTarget;
			buildConfigurationList = 0FD2DADF26EAE11C0058ABB9 /* Build configuration list for PBXNativeTarget "PronacaShareholders" */;
			buildPhases = (
				BCBAB5AA43810C4196443B51 /* [CP] Check Pods Manifest.lock */,
				0FD2DAC726EAE11A0058ABB9 /* Sources */,
				0FD2DAC826EAE11A0058ABB9 /* Frameworks */,
				0FD2DAC926EAE11A0058ABB9 /* Resources */,
				5E097D850CE802144ED1CCD5 /* [CP] Embed Pods Frameworks */,
			);
			buildRules = (
			);
			dependencies = (
			);
			name = PronacaShareholders;
			productName = PronacaShareholders;
			productReference = 0FD2DACB26EAE11A0058ABB9 /* PronacaShareholders.app */;
			productType = "com.apple.product-type.application";
		};
/* End PBXNativeTarget section */

/* Begin PBXProject section */
		0FD2DAC326EAE11A0058ABB9 /* Project object */ = {
			isa = PBXProject;
			attributes = {
				LastSwiftUpdateCheck = 1250;
				LastUpgradeCheck = 1250;
				TargetAttributes = {
					0FD2DACA26EAE11A0058ABB9 = {
						CreatedOnToolsVersion = 12.5.1;
					};
				};
			};
			buildConfigurationList = 0FD2DAC626EAE11A0058ABB9 /* Build configuration list for PBXProject "PronacaShareholders" */;
			compatibilityVersion = "Xcode 9.3";
			developmentRegion = en;
			hasScannedForEncodings = 0;
			knownRegions = (
				en,
				Base,
			);
			mainGroup = 0FD2DAC226EAE11A0058ABB9;
			productRefGroup = 0FD2DACC26EAE11A0058ABB9 /* Products */;
			projectDirPath = "";
			projectRoot = "";
			targets = (
				0FD2DACA26EAE11A0058ABB9 /* PronacaShareholders */,
			);
		};
/* End PBXProject section */

/* Begin PBXResourcesBuildPhase section */
		0FD2DAC926EAE11A0058ABB9 /* Resources */ = {
			isa = PBXResourcesBuildPhase;
			buildActionMask = 2147483647;
			files = (
				0FC8C46326EEDB500084F353 /* Montserrat-Regular.ttf in Resources */,
				0FD2DADB26EAE11C0058ABB9 /* LaunchScreen.storyboard in Resources */,
				0FD2DAF526EAE7690058ABB9 /* LoginMainViewController.xib in Resources */,
				0FC8C46B26EEDB500084F353 /* OpenSans-Bold.ttf in Resources */,
				0FD2DB2B26EAE8830058ABB9 /* FormAccountViewController.xib in Resources */,
				0FD2DB1F26EAE8750058ABB9 /* VerificationCodeViewController.xib in Resources */,
				0FC8C46926EEDB500084F353 /* Montserrat-Bold.ttf in Resources */,
				0FC8C46A26EEDB500084F353 /* OpenSans-Regular.ttf in Resources */,
				0FC8C45626EEC1230084F353 /* PageController.xib in Resources */,
				0FC8C46626EEDB500084F353 /* Montserrat-SemiBold.ttf in Resources */,
				0FD2DB1226EAE8620058ABB9 /* CreateAccountViewController.xib in Resources */,
				0FD2DAD826EAE11C0058ABB9 /* Assets.xcassets in Resources */,
				0FC8C46726EEDB500084F353 /* Raleway-Light.ttf in Resources */,
				0FC8C46826EEDB500084F353 /* Roboto-Medium.ttf in Resources */,
				0FC8C46426EEDB500084F353 /* CenturyGothic.ttc in Resources */,
				0FC8C46526EEDB500084F353 /* Montserrat-Medium.ttf in Resources */,
				0FD2DAD626EAE11A0058ABB9 /* Main.storyboard in Resources */,
			);
			runOnlyForDeploymentPostprocessing = 0;
		};
/* End PBXResourcesBuildPhase section */

/* Begin PBXShellScriptBuildPhase section */
		5E097D850CE802144ED1CCD5 /* [CP] Embed Pods Frameworks */ = {
			isa = PBXShellScriptBuildPhase;
			buildActionMask = 2147483647;
			files = (
			);
			inputFileListPaths = (
				"${PODS_ROOT}/Target Support Files/Pods-PronacaShareholders/Pods-PronacaShareholders-frameworks-${CONFIGURATION}-input-files.xcfilelist",
			);
			name = "[CP] Embed Pods Frameworks";
			outputFileListPaths = (
				"${PODS_ROOT}/Target Support Files/Pods-PronacaShareholders/Pods-PronacaShareholders-frameworks-${CONFIGURATION}-output-files.xcfilelist",
			);
			runOnlyForDeploymentPostprocessing = 0;
			shellPath = /bin/sh;
			shellScript = "\"${PODS_ROOT}/Target Support Files/Pods-PronacaShareholders/Pods-PronacaShareholders-frameworks.sh\"\n";
			showEnvVarsInLog = 0;
		};
		BCBAB5AA43810C4196443B51 /* [CP] Check Pods Manifest.lock */ = {
			isa = PBXShellScriptBuildPhase;
			buildActionMask = 2147483647;
			files = (
			);
			inputFileListPaths = (
			);
			inputPaths = (
				"${PODS_PODFILE_DIR_PATH}/Podfile.lock",
				"${PODS_ROOT}/Manifest.lock",
			);
			name = "[CP] Check Pods Manifest.lock";
			outputFileListPaths = (
			);
			outputPaths = (
				"$(DERIVED_FILE_DIR)/Pods-PronacaShareholders-checkManifestLockResult.txt",
			);
			runOnlyForDeploymentPostprocessing = 0;
			shellPath = /bin/sh;
			shellScript = "diff \"${PODS_PODFILE_DIR_PATH}/Podfile.lock\" \"${PODS_ROOT}/Manifest.lock\" > /dev/null\nif [ $? != 0 ] ; then\n    # print error to STDERR\n    echo \"error: The sandbox is not in sync with the Podfile.lock. Run 'pod install' or update your CocoaPods installation.\" >&2\n    exit 1\nfi\n# This output is used by Xcode 'outputs' to avoid re-running this script phase.\necho \"SUCCESS\" > \"${SCRIPT_OUTPUT_FILE_0}\"\n";
			showEnvVarsInLog = 0;
		};
/* End PBXShellScriptBuildPhase section */

/* Begin PBXSourcesBuildPhase section */
		0FD2DAC726EAE11A0058ABB9 /* Sources */ = {
			isa = PBXSourcesBuildPhase;
			buildActionMask = 2147483647;
			files = (
				0FD2DAF626EAE7690058ABB9 /* LoginMainWireframe.swift in Sources */,
				0FD2DB0F26EAE8620058ABB9 /* CreateAccountPresenter.swift in Sources */,
				0FD2DAFF26EAE7D60058ABB9 /* FormatterInterface.swift in Sources */,
				0FC8C46F26EEE0B30084F353 /* UIButton+Extension.swift in Sources */,
				0FD2DAFE26EAE7D60058ABB9 /* BaseWireframe.swift in Sources */,
				0FD2DB2826EAE8830058ABB9 /* FormAccountPresenter.swift in Sources */,
				0FC8C45826EECEE60084F353 /* UITextField+Extension.swift in Sources */,
				0FD2DB1C26EAE8750058ABB9 /* VerificationCodePresenter.swift in Sources */,
				0FD2DB1D26EAE8750058ABB9 /* VerificationCodeViewController.swift in Sources */,
				0FD2DAD326EAE11A0058ABB9 /* ViewController.swift in Sources */,
				0FD2DB2C26EAE8830058ABB9 /* FormAccountWireframe.swift in Sources */,
				0FD2DB2026EAE8750058ABB9 /* VerificationCodeWireframe.swift in Sources */,
				0FD2DB1126EAE8620058ABB9 /* CreateAccountInteractor.swift in Sources */,
				0FD2DB0226EAE7D60058ABB9 /* ViewInterface.swift in Sources */,
				0FD2DB1026EAE8620058ABB9 /* CreateAccountViewController.swift in Sources */,
				0FD2DAF326EAE7690058ABB9 /* LoginMainViewController.swift in Sources */,
				0FD2DB0326EAE7D60058ABB9 /* InteractorInterface.swift in Sources */,
				0FD2DAF226EAE7690058ABB9 /* LoginMainPresenter.swift in Sources */,
				0FD2DACF26EAE11A0058ABB9 /* AppDelegate.swift in Sources */,
				0FC8C45526EEC1230084F353 /* PageController.swift in Sources */,
				0FD2DB1B26EAE8750058ABB9 /* VerificationCodeInterfaces.swift in Sources */,
				0FD2DAD126EAE11A0058ABB9 /* SceneDelegate.swift in Sources */,
				0FC8C46D26EEDBF30084F353 /* UIFont+Extension.swift in Sources */,
				0FD2DB1E26EAE8750058ABB9 /* VerificationCodeInteractor.swift in Sources */,
				0FD2DAF426EAE7690058ABB9 /* LoginMainInteractor.swift in Sources */,
				0FD2DB1326EAE8620058ABB9 /* CreateAccountWireframe.swift in Sources */,
				0FD2DB0126EAE7D60058ABB9 /* PresenterInterface.swift in Sources */,
				0FD2DB2A26EAE8830058ABB9 /* FormAccountInteractor.swift in Sources */,
				0FD2DB2926EAE8830058ABB9 /* FormAccountViewController.swift in Sources */,
				0FD2DAE426EAE15F0058ABB9 /* UIColor+Extension.swift in Sources */,
				0FD2DB0E26EAE8620058ABB9 /* CreateAccountInterfaces.swift in Sources */,
				0FD2DB0026EAE7D60058ABB9 /* UIStoryboardExtension.swift in Sources */,
				0FD2DAF126EAE7690058ABB9 /* LoginMainInterfaces.swift in Sources */,
				0FD2DB2726EAE8830058ABB9 /* FormAccountInterfaces.swift in Sources */,
			);
			runOnlyForDeploymentPostprocessing = 0;
		};
/* End PBXSourcesBuildPhase section */

/* Begin PBXVariantGroup section */
		0FD2DAD426EAE11A0058ABB9 /* Main.storyboard */ = {
			isa = PBXVariantGroup;
			children = (
				0FD2DAD526EAE11A0058ABB9 /* Base */,
			);
			name = Main.storyboard;
			sourceTree = "<group>";
		};
		0FD2DAD926EAE11C0058ABB9 /* LaunchScreen.storyboard */ = {
			isa = PBXVariantGroup;
			children = (
				0FD2DADA26EAE11C0058ABB9 /* Base */,
			);
			name = LaunchScreen.storyboard;
			sourceTree = "<group>";
		};
/* End PBXVariantGroup section */

/* Begin XCBuildConfiguration section */
		0FD2DADD26EAE11C0058ABB9 /* Debug */ = {
			isa = XCBuildConfiguration;
			buildSettings = {
				ALWAYS_SEARCH_USER_PATHS = NO;
				CLANG_ANALYZER_NONNULL = YES;
				CLANG_ANALYZER_NUMBER_OBJECT_CONVERSION = YES_AGGRESSIVE;
				CLANG_CXX_LANGUAGE_STANDARD = "gnu++14";
				CLANG_CXX_LIBRARY = "libc++";
				CLANG_ENABLE_MODULES = YES;
				CLANG_ENABLE_OBJC_ARC = YES;
				CLANG_ENABLE_OBJC_WEAK = YES;
				CLANG_WARN_BLOCK_CAPTURE_AUTORELEASING = YES;
				CLANG_WARN_BOOL_CONVERSION = YES;
				CLANG_WARN_COMMA = YES;
				CLANG_WARN_CONSTANT_CONVERSION = YES;
				CLANG_WARN_DEPRECATED_OBJC_IMPLEMENTATIONS = YES;
				CLANG_WARN_DIRECT_OBJC_ISA_USAGE = YES_ERROR;
				CLANG_WARN_DOCUMENTATION_COMMENTS = YES;
				CLANG_WARN_EMPTY_BODY = YES;
				CLANG_WARN_ENUM_CONVERSION = YES;
				CLANG_WARN_INFINITE_RECURSION = YES;
				CLANG_WARN_INT_CONVERSION = YES;
				CLANG_WARN_NON_LITERAL_NULL_CONVERSION = YES;
				CLANG_WARN_OBJC_IMPLICIT_RETAIN_SELF = YES;
				CLANG_WARN_OBJC_LITERAL_CONVERSION = YES;
				CLANG_WARN_OBJC_ROOT_CLASS = YES_ERROR;
				CLANG_WARN_QUOTED_INCLUDE_IN_FRAMEWORK_HEADER = YES;
				CLANG_WARN_RANGE_LOOP_ANALYSIS = YES;
				CLANG_WARN_STRICT_PROTOTYPES = YES;
				CLANG_WARN_SUSPICIOUS_MOVE = YES;
				CLANG_WARN_UNGUARDED_AVAILABILITY = YES_AGGRESSIVE;
				CLANG_WARN_UNREACHABLE_CODE = YES;
				CLANG_WARN__DUPLICATE_METHOD_MATCH = YES;
				COPY_PHASE_STRIP = NO;
				DEBUG_INFORMATION_FORMAT = dwarf;
				ENABLE_STRICT_OBJC_MSGSEND = YES;
				ENABLE_TESTABILITY = YES;
				GCC_C_LANGUAGE_STANDARD = gnu11;
				GCC_DYNAMIC_NO_PIC = NO;
				GCC_NO_COMMON_BLOCKS = YES;
				GCC_OPTIMIZATION_LEVEL = 0;
				GCC_PREPROCESSOR_DEFINITIONS = (
					"DEBUG=1",
					"$(inherited)",
				);
				GCC_WARN_64_TO_32_BIT_CONVERSION = YES;
				GCC_WARN_ABOUT_RETURN_TYPE = YES_ERROR;
				GCC_WARN_UNDECLARED_SELECTOR = YES;
				GCC_WARN_UNINITIALIZED_AUTOS = YES_AGGRESSIVE;
				GCC_WARN_UNUSED_FUNCTION = YES;
				GCC_WARN_UNUSED_VARIABLE = YES;
				IPHONEOS_DEPLOYMENT_TARGET = 13.0;
				MTL_ENABLE_DEBUG_INFO = INCLUDE_SOURCE;
				MTL_FAST_MATH = YES;
				ONLY_ACTIVE_ARCH = YES;
				SDKROOT = iphoneos;
				SWIFT_ACTIVE_COMPILATION_CONDITIONS = DEBUG;
				SWIFT_OPTIMIZATION_LEVEL = "-Onone";
			};
			name = Debug;
		};
		0FD2DADE26EAE11C0058ABB9 /* Release */ = {
			isa = XCBuildConfiguration;
			buildSettings = {
				ALWAYS_SEARCH_USER_PATHS = NO;
				CLANG_ANALYZER_NONNULL = YES;
				CLANG_ANALYZER_NUMBER_OBJECT_CONVERSION = YES_AGGRESSIVE;
				CLANG_CXX_LANGUAGE_STANDARD = "gnu++14";
				CLANG_CXX_LIBRARY = "libc++";
				CLANG_ENABLE_MODULES = YES;
				CLANG_ENABLE_OBJC_ARC = YES;
				CLANG_ENABLE_OBJC_WEAK = YES;
				CLANG_WARN_BLOCK_CAPTURE_AUTORELEASING = YES;
				CLANG_WARN_BOOL_CONVERSION = YES;
				CLANG_WARN_COMMA = YES;
				CLANG_WARN_CONSTANT_CONVERSION = YES;
				CLANG_WARN_DEPRECATED_OBJC_IMPLEMENTATIONS = YES;
				CLANG_WARN_DIRECT_OBJC_ISA_USAGE = YES_ERROR;
				CLANG_WARN_DOCUMENTATION_COMMENTS = YES;
				CLANG_WARN_EMPTY_BODY = YES;
				CLANG_WARN_ENUM_CONVERSION = YES;
				CLANG_WARN_INFINITE_RECURSION = YES;
				CLANG_WARN_INT_CONVERSION = YES;
				CLANG_WARN_NON_LITERAL_NULL_CONVERSION = YES;
				CLANG_WARN_OBJC_IMPLICIT_RETAIN_SELF = YES;
				CLANG_WARN_OBJC_LITERAL_CONVERSION = YES;
				CLANG_WARN_OBJC_ROOT_CLASS = YES_ERROR;
				CLANG_WARN_QUOTED_INCLUDE_IN_FRAMEWORK_HEADER = YES;
				CLANG_WARN_RANGE_LOOP_ANALYSIS = YES;
				CLANG_WARN_STRICT_PROTOTYPES = YES;
				CLANG_WARN_SUSPICIOUS_MOVE = YES;
				CLANG_WARN_UNGUARDED_AVAILABILITY = YES_AGGRESSIVE;
				CLANG_WARN_UNREACHABLE_CODE = YES;
				CLANG_WARN__DUPLICATE_METHOD_MATCH = YES;
				COPY_PHASE_STRIP = NO;
				DEBUG_INFORMATION_FORMAT = "dwarf-with-dsym";
				ENABLE_NS_ASSERTIONS = NO;
				ENABLE_STRICT_OBJC_MSGSEND = YES;
				GCC_C_LANGUAGE_STANDARD = gnu11;
				GCC_NO_COMMON_BLOCKS = YES;
				GCC_WARN_64_TO_32_BIT_CONVERSION = YES;
				GCC_WARN_ABOUT_RETURN_TYPE = YES_ERROR;
				GCC_WARN_UNDECLARED_SELECTOR = YES;
				GCC_WARN_UNINITIALIZED_AUTOS = YES_AGGRESSIVE;
				GCC_WARN_UNUSED_FUNCTION = YES;
				GCC_WARN_UNUSED_VARIABLE = YES;
				IPHONEOS_DEPLOYMENT_TARGET = 13.0;
				MTL_ENABLE_DEBUG_INFO = NO;
				MTL_FAST_MATH = YES;
				SDKROOT = iphoneos;
				SWIFT_COMPILATION_MODE = wholemodule;
				SWIFT_OPTIMIZATION_LEVEL = "-O";
				VALIDATE_PRODUCT = YES;
			};
			name = Release;
		};
		0FD2DAE026EAE11C0058ABB9 /* Debug */ = {
			isa = XCBuildConfiguration;
			baseConfigurationReference = 7F9198178BE6A31E7EAA997E /* Pods-PronacaShareholders.debug.xcconfig */;
			buildSettings = {
				ASSETCATALOG_COMPILER_APPICON_NAME = AppIcon;
				ASSETCATALOG_COMPILER_GLOBAL_ACCENT_COLOR_NAME = AccentColor;
				CODE_SIGN_STYLE = Automatic;
				DEVELOPMENT_TEAM = N5TNCXPBUU;
				INFOPLIST_FILE = PronacaShareholders/Info.plist;
				IPHONEOS_DEPLOYMENT_TARGET = 13.0;
				LD_RUNPATH_SEARCH_PATHS = (
					"$(inherited)",
					"@executable_path/Frameworks",
				);
				PRODUCT_BUNDLE_IDENTIFIER = com.pronaca.shareholders.PronacaShareholders;
				PRODUCT_NAME = "$(TARGET_NAME)";
				SWIFT_VERSION = 5.0;
				TARGETED_DEVICE_FAMILY = "1,2";
			};
			name = Debug;
		};
		0FD2DAE126EAE11C0058ABB9 /* Release */ = {
			isa = XCBuildConfiguration;
			baseConfigurationReference = D8E3655573E0613B4C110308 /* Pods-PronacaShareholders.release.xcconfig */;
			buildSettings = {
				ASSETCATALOG_COMPILER_APPICON_NAME = AppIcon;
				ASSETCATALOG_COMPILER_GLOBAL_ACCENT_COLOR_NAME = AccentColor;
				CODE_SIGN_STYLE = Automatic;
				DEVELOPMENT_TEAM = N5TNCXPBUU;
				INFOPLIST_FILE = PronacaShareholders/Info.plist;
				IPHONEOS_DEPLOYMENT_TARGET = 13.0;
				LD_RUNPATH_SEARCH_PATHS = (
					"$(inherited)",
					"@executable_path/Frameworks",
				);
				PRODUCT_BUNDLE_IDENTIFIER = com.pronaca.shareholders.PronacaShareholders;
				PRODUCT_NAME = "$(TARGET_NAME)";
				SWIFT_VERSION = 5.0;
				TARGETED_DEVICE_FAMILY = "1,2";
			};
			name = Release;
		};
/* End XCBuildConfiguration section */

/* Begin XCConfigurationList section */
		0FD2DAC626EAE11A0058ABB9 /* Build configuration list for PBXProject "PronacaShareholders" */ = {
			isa = XCConfigurationList;
			buildConfigurations = (
				0FD2DADD26EAE11C0058ABB9 /* Debug */,
				0FD2DADE26EAE11C0058ABB9 /* Release */,
			);
			defaultConfigurationIsVisible = 0;
			defaultConfigurationName = Release;
		};
		0FD2DADF26EAE11C0058ABB9 /* Build configuration list for PBXNativeTarget "PronacaShareholders" */ = {
			isa = XCConfigurationList;
			buildConfigurations = (
				0FD2DAE026EAE11C0058ABB9 /* Debug */,
				0FD2DAE126EAE11C0058ABB9 /* Release */,
			);
			defaultConfigurationIsVisible = 0;
			defaultConfigurationName = Release;
		};
/* End XCConfigurationList section */
	};
	rootObject = 0FD2DAC326EAE11A0058ABB9 /* Project object */;
}
